github.com/gregwebs/errors/errwrap v0.0.0-20250109233418-ed1e850dab1e h1:Wafq/gbtaSPmzdNTDnw/gAHnI1h7nTAkG6XtgQm4qfQ=
github.com/gregwebs/errors/errwrap v0.0.0-20250109233418-ed1e850dab1e/go.mod h1:Xqoa1jjxE/0w8gjUTyRQEOXrG8d+sAwQmZEwnUyTtig=
github.com/gregwebs/errors/slogerr v0.0.0-20250109233418-ed1e850dab1e h1:IyuYN/MGfJmwZrD8zwEAXtxDoxOXGHAvXA4SRlsmQZI=
github.com/gregwebs/errors/slogerr v0.0.0-20250109233418-ed1e850dab1e/go.mod h1:emBiGGVdfUO1UnPUCvgkN49Y2eL+EClImkMR+4Iq0rY=
github.com/gregwebs/stackfmt v0.1.1 h1:bqHZv69OGARsyNPD4tJfkJnu5oWjA86dISQKKfFt98A=
github.com/gregwebs/stackfmt v0.1.1/go.mod h1:MQWvus3s9juULflTEiFIllieKiz7AnX7i4HWyPOs2nQ=
